
Microsoft Visual Studio Solution File, Format Version 12.00
# Visual Studio Version 16
VisualStudioVersion = 16.0.29509.3
MinimumVisualStudioVersion = 10.0.40219.1
Project("{9A19103F-16F7-4668-BE54-9A1E7A4F7556}") = "dwp.ms.demo.registration", "dwp.ms.demo.registration\dwp.ms.demo.registration.csproj", "{F0A31121-08FF-4C09-A215-BE6A8DE744E2}"
EndProject
Project("{2150E333-8FDC-42A3-9474-1A3956D46DE8}") = "Registration", "Registration", "{27670233-A607-4019-BAD3-2A109591CA58}"
EndProject
Project("{9A19103F-16F7-4668-BE54-9A1E7A4F7556}") = "dwp.ms.demo.registration.domain", "dwp.ms.demo.registration.domain\dwp.ms.demo.registration.domain.csproj", "{051104FB-2F38-4C69-88DA-EC20D31DB4FE}"
EndProject
Project("{9A19103F-16F7-4668-BE54-9A1E7A4F7556}") = "dwp.ms.demo.registration.infastructure", "dwp.ms.demo.registration.infastructure\dwp.ms.demo.registration.infastructure.csproj", "{047A6ACF-369F-4743-8526-8BC2C4294B51}"
EndProject
Project("{E53339B2-1760-4266-BCC7-CA923CBCF16C}") = "docker-compose", "docker-compose.dcproj", "{3E0A7D2E-823E-4126-A6E2-296F2D1BB388}"
EndProject
Project("{2150E333-8FDC-42A3-9474-1A3956D46DE8}") = "Manufacturer", "Manufacturer", "{12DC915A-FB06-4BB4-836D-43914088A68B}"
EndProject
Project("{9A19103F-16F7-4668-BE54-9A1E7A4F7556}") = "dwp.ms.demo.vehicle.api", "services\dwp.ms.demo.vehicle.api\dwp.ms.demo.vehicle.api.csproj", "{4F45FE41-BB59-437F-B47A-0FE34E2FBB3F}"
EndProject
Project("{9A19103F-16F7-4668-BE54-9A1E7A4F7556}") = "EventBus", "EventBus\EventBusCL\EventBus.csproj", "{48D2ABAD-2DC9-4926-969D-E826612749FD}"
EndProject
Project("{9A19103F-16F7-4668-BE54-9A1E7A4F7556}") = "EventBusRabbitMQ", "EventBus\EventBusRabbitMQ\EventBusRabbitMQ.csproj", "{25819121-FEF5-41DB-ABE2-7B9435D06F5B}"
EndProject
Project("{2150E333-8FDC-42A3-9474-1A3956D46DE8}") = "services", "services", "{DEEF25CD-C546-4EDE-B052-1B9B36ED93CA}"
EndProject
Project("{2150E333-8FDC-42A3-9474-1A3956D46DE8}") = "BuildingBlocks", "BuildingBlocks", "{F43ABDFA-469C-462F-82DA-856CC18C9A77}"
EndProject
Project("{9A19103F-16F7-4668-BE54-9A1E7A4F7556}") = "IntegrationEventLogEF", "EventBus\IntegrationEventLogEF\IntegrationEventLogEF.csproj", "{B110BE93-C353-45A3-81F3-2DC1E1E126DA}"
EndProject
Project("{2150E333-8FDC-42A3-9474-1A3956D46DE8}") = "WebApps", "WebApps", "{3283BC79-9CEB-4010-B090-CCCDB3CA0E76}"
EndProject
Project("{9A19103F-16F7-4668-BE54-9A1E7A4F7556}") = "dwp.ms.demo.webapp", "dwp.ms.demo.webapp\dwp.ms.demo.webapp.csproj", "{2CB2955A-2A5B-4184-9567-A16F5B04D941}"
EndProject
Global
	GlobalSection(SolutionConfigurationPlatforms) = preSolution
		Debug|Any CPU = Debug|Any CPU
		Release|Any CPU = Release|Any CPU
	EndGlobalSection
	GlobalSection(ProjectConfigurationPlatforms) = postSolution
		{F0A31121-08FF-4C09-A215-BE6A8DE744E2}.Debug|Any CPU.ActiveCfg = Debug|Any CPU
		{F0A31121-08FF-4C09-A215-BE6A8DE744E2}.Debug|Any CPU.Build.0 = Debug|Any CPU
		{F0A31121-08FF-4C09-A215-BE6A8DE744E2}.Release|Any CPU.ActiveCfg = Release|Any CPU
		{F0A31121-08FF-4C09-A215-BE6A8DE744E2}.Release|Any CPU.Build.0 = Release|Any CPU
		{051104FB-2F38-4C69-88DA-EC20D31DB4FE}.Debug|Any CPU.ActiveCfg = Debug|Any CPU
		{051104FB-2F38-4C69-88DA-EC20D31DB4FE}.Debug|Any CPU.Build.0 = Debug|Any CPU
		{051104FB-2F38-4C69-88DA-EC20D31DB4FE}.Release|Any CPU.ActiveCfg = Release|Any CPU
		{051104FB-2F38-4C69-88DA-EC20D31DB4FE}.Release|Any CPU.Build.0 = Release|Any CPU
		{047A6ACF-369F-4743-8526-8BC2C4294B51}.Debug|Any CPU.ActiveCfg = Debug|Any CPU
		{047A6ACF-369F-4743-8526-8BC2C4294B51}.Debug|Any CPU.Build.0 = Debug|Any CPU
		{047A6ACF-369F-4743-8526-8BC2C4294B51}.Release|Any CPU.ActiveCfg = Release|Any CPU
		{047A6ACF-369F-4743-8526-8BC2C4294B51}.Release|Any CPU.Build.0 = Release|Any CPU
		{3E0A7D2E-823E-4126-A6E2-296F2D1BB388}.Debug|Any CPU.ActiveCfg = Debug|Any CPU
		{3E0A7D2E-823E-4126-A6E2-296F2D1BB388}.Debug|Any CPU.Build.0 = Debug|Any CPU
		{3E0A7D2E-823E-4126-A6E2-296F2D1BB388}.Release|Any CPU.ActiveCfg = Release|Any CPU
		{3E0A7D2E-823E-4126-A6E2-296F2D1BB388}.Release|Any CPU.Build.0 = Release|Any CPU
		{4F45FE41-BB59-437F-B47A-0FE34E2FBB3F}.Debug|Any CPU.ActiveCfg = Debug|Any CPU
		{4F45FE41-BB59-437F-B47A-0FE34E2FBB3F}.Debug|Any CPU.Build.0 = Debug|Any CPU
		{4F45FE41-BB59-437F-B47A-0FE34E2FBB3F}.Release|Any CPU.ActiveCfg = Release|Any CPU
		{4F45FE41-BB59-437F-B47A-0FE34E2FBB3F}.Release|Any CPU.Build.0 = Release|Any CPU
		{48D2ABAD-2DC9-4926-969D-E826612749FD}.Debug|Any CPU.ActiveCfg = Debug|Any CPU
		{48D2ABAD-2DC9-4926-969D-E826612749FD}.Debug|Any CPU.Build.0 = Debug|Any CPU
		{48D2ABAD-2DC9-4926-969D-E826612749FD}.Release|Any CPU.ActiveCfg = Release|Any CPU
		{48D2ABAD-2DC9-4926-969D-E826612749FD}.Release|Any CPU.Build.0 = Release|Any CPU
		{25819121-FEF5-41DB-ABE2-7B9435D06F5B}.Debug|Any CPU.ActiveCfg = Debug|Any CPU
		{25819121-FEF5-41DB-ABE2-7B9435D06F5B}.Debug|Any CPU.Build.0 = Debug|Any CPU
		{25819121-FEF5-41DB-ABE2-7B9435D06F5B}.Release|Any CPU.ActiveCfg = Release|Any CPU
		{25819121-FEF5-41DB-ABE2-7B9435D06F5B}.Release|Any CPU.Build.0 = Release|Any CPU
		{B110BE93-C353-45A3-81F3-2DC1E1E126DA}.Debug|Any CPU.ActiveCfg = Debug|Any CPU
		{B110BE93-C353-45A3-81F3-2DC1E1E126DA}.Debug|Any CPU.Build.0 = Debug|Any CPU
		{B110BE93-C353-45A3-81F3-2DC1E1E126DA}.Release|Any CPU.ActiveCfg = Release|Any CPU
		{B110BE93-C353-45A3-81F3-2DC1E1E126DA}.Release|Any CPU.Build.0 = Release|Any CPU
		{2CB2955A-2A5B-4184-9567-A16F5B04D941}.Debug|Any CPU.ActiveCfg = Debug|Any CPU
		{2CB2955A-2A5B-4184-9567-A16F5B04D941}.Debug|Any CPU.Build.0 = Debug|Any CPU
		{2CB2955A-2A5B-4184-9567-A16F5B04D941}.Release|Any CPU.ActiveCfg = Release|Any CPU
		{2CB2955A-2A5B-4184-9567-A16F5B04D941}.Release|Any CPU.Build.0 = Release|Any CPU
	EndGlobalSection
	GlobalSection(SolutionProperties) = preSolution
		HideSolutionNode = FALSE
	EndGlobalSection
	GlobalSection(NestedProjects) = preSolution
		{F0A31121-08FF-4C09-A215-BE6A8DE744E2} = {27670233-A607-4019-BAD3-2A109591CA58}
		{27670233-A607-4019-BAD3-2A109591CA58} = {DEEF25CD-C546-4EDE-B052-1B9B36ED93CA}
		{051104FB-2F38-4C69-88DA-EC20D31DB4FE} = {27670233-A607-4019-BAD3-2A109591CA58}
		{047A6ACF-369F-4743-8526-8BC2C4294B51} = {27670233-A607-4019-BAD3-2A109591CA58}
		{12DC915A-FB06-4BB4-836D-43914088A68B} = {DEEF25CD-C546-4EDE-B052-1B9B36ED93CA}
		{4F45FE41-BB59-437F-B47A-0FE34E2FBB3F} = {12DC915A-FB06-4BB4-836D-43914088A68B}
		{48D2ABAD-2DC9-4926-969D-E826612749FD} = {F43ABDFA-469C-462F-82DA-856CC18C9A77}
		{25819121-FEF5-41DB-ABE2-7B9435D06F5B} = {F43ABDFA-469C-462F-82DA-856CC18C9A77}
		{B110BE93-C353-45A3-81F3-2DC1E1E126DA} = {F43ABDFA-469C-462F-82DA-856CC18C9A77}
		{2CB2955A-2A5B-4184-9567-A16F5B04D941} = {3283BC79-9CEB-4010-B090-CCCDB3CA0E76}
	EndGlobalSection
	GlobalSection(ExtensibilityGlobals) = postSolution
		SolutionGuid = {90DF59CC-E040-48E9-A8D5-B898DF25EC97}
	EndGlobalSection
EndGlobal
